PODS:
  - ALObserverManager (0.1.4):
    - ReactiveCocoa
  - Expecta (1.0.5)
  - Expecta+Snapshots (2.0.0):
    - Expecta (~> 1.0)
    - FBSnapshotTestCase/Core (~> 2.0.3)
  - FBSnapshotTestCase (2.0.7):
    - FBSnapshotTestCase/SwiftSupport (= 2.0.7)
  - FBSnapshotTestCase/Core (2.0.7)
  - FBSnapshotTestCase/SwiftSupport (2.0.7):
    - FBSnapshotTestCase/Core
  - ReactiveCocoa (2.5):
    - ReactiveCocoa/UI (= 2.5)
  - ReactiveCocoa/Core (2.5):
    - ReactiveCocoa/no-arc
  - ReactiveCocoa/no-arc (2.5)
  - ReactiveCocoa/UI (2.5):
    - ReactiveCocoa/Core
  - Specta (1.0.5)

DEPENDENCIES:
  - ALObserverManager (from `../`)
  - Expecta
  - Expecta+Snapshots
  - FBSnapshotTestCase
  - Specta

EXTERNAL SOURCES:
  ALObserverManager:
    :path: ../

SPEC CHECKSUMS:
  ALObserverManager: b35c419bd7dcab69a85a047bd5679bf9f6649d3f
  Expecta: e1c022fcd33910b6be89c291d2775b3fe27a89fe
  Expecta+Snapshots: 29b38dd695bc72a0ed2bea833937d78df41943ba
  FBSnapshotTestCase: 7e85180d0d141a0cf472352edda7e80d7eaeb547
  ReactiveCocoa: e2db045570aa97c695e7aa97c2bcab222ae51f4a
  Specta: ac94d110b865115fe60ff2c6d7281053c6f8e8a2

COCOAPODS: 0.39.0
